
Microsoft Visual Studio Solution File, Format Version 12.00
# Visual Studio Version 16
VisualStudioVersion = 16.0.33214.272
MinimumVisualStudioVersion = 10.0.40219.1
Project("{FAE04EC0-301F-11D3-BF4B-00C04F79EFBC}") = "ServerTCP", "ServerTCP\ServerTCP.csproj", "{EF7C5566-6396-484A-8F7E-E6FE4F092323}"
EndProject
Project("{FAE04EC0-301F-11D3-BF4B-00C04F79EFBC}") = "ClientTCP", "ClientTCP\ClientTCP.csproj", "{47EFA539-1AD5-435D-947A-5E1C693E6A3F}"
EndProject
Global
	GlobalSection(SolutionConfigurationPlatforms) = preSolution
		Debug|Any CPU = Debug|Any CPU
		Release|Any CPU = Release|Any CPU
	EndGlobalSection
	GlobalSection(ProjectConfigurationPlatforms) = postSolution
		{EF7C5566-6396-484A-8F7E-E6FE4F092323}.Debug|Any CPU.ActiveCfg = Debug|Any CPU
		{EF7C5566-6396-484A-8F7E-E6FE4F092323}.Debug|Any CPU.Build.0 = Debug|Any CPU
		{EF7C5566-6396-484A-8F7E-E6FE4F092323}.Release|Any CPU.ActiveCfg = Release|Any CPU
		{EF7C5566-6396-484A-8F7E-E6FE4F092323}.Release|Any CPU.Build.0 = Release|Any CPU
		{47EFA539-1AD5-435D-947A-5E1C693E6A3F}.Debug|Any CPU.ActiveCfg = Debug|Any CPU
		{47EFA539-1AD5-435D-947A-5E1C693E6A3F}.Debug|Any CPU.Build.0 = Debug|Any CPU
		{47EFA539-1AD5-435D-947A-5E1C693E6A3F}.Release|Any CPU.ActiveCfg = Release|Any CPU
		{47EFA539-1AD5-435D-947A-5E1C693E6A3F}.Release|Any CPU.Build.0 = Release|Any CPU
	EndGlobalSection
	GlobalSection(SolutionProperties) = preSolution
		HideSolutionNode = FALSE
	EndGlobalSection
	GlobalSection(ExtensibilityGlobals) = postSolution
		SolutionGuid = {B9AD286A-E3F8-4D73-89AF-91C9E53B2F72}
	EndGlobalSection
EndGlobal
